
Microsoft Visual Studio Solution File, Format Version 12.00
# Visual Studio Version 16
VisualStudioVersion = 16.0.31624.102
MinimumVisualStudioVersion = 10.0.40219.1
Project("{FAE04EC0-301F-11D3-BF4B-00C04F79EFBC}") = "APIManagement", "APIManagement\APIManagement.csproj", "{D3DDA016-8484-42C1-BE08-F9932395C300}"
EndProject
Project("{FAE04EC0-301F-11D3-BF4B-00C04F79EFBC}") = "BookingAPI", "BookingAPI\BookingAPI.csproj", "{C9892769-40FB-4970-9020-9FC2212A117E}"
EndProject
Project("{9A19103F-16F7-4668-BE54-9A1E7A4F7556}") = "SchedulingAPI", "SchedulingAPI\SchedulingAPI.csproj", "{66340FF5-C0C2-4BB5-B444-51B6C9A76277}"
EndProject
Global
	GlobalSection(SolutionConfigurationPlatforms) = preSolution
		Debug|Any CPU = Debug|Any CPU
		Release|Any CPU = Release|Any CPU
	EndGlobalSection
	GlobalSection(ProjectConfigurationPlatforms) = postSolution
		{D3DDA016-8484-42C1-BE08-F9932395C300}.Debug|Any CPU.ActiveCfg = Debug|Any CPU
		{D3DDA016-8484-42C1-BE08-F9932395C300}.Debug|Any CPU.Build.0 = Debug|Any CPU
		{D3DDA016-8484-42C1-BE08-F9932395C300}.Release|Any CPU.ActiveCfg = Release|Any CPU
		{D3DDA016-8484-42C1-BE08-F9932395C300}.Release|Any CPU.Build.0 = Release|Any CPU
		{C9892769-40FB-4970-9020-9FC2212A117E}.Debug|Any CPU.ActiveCfg = Debug|Any CPU
		{C9892769-40FB-4970-9020-9FC2212A117E}.Debug|Any CPU.Build.0 = Debug|Any CPU
		{C9892769-40FB-4970-9020-9FC2212A117E}.Release|Any CPU.ActiveCfg = Release|Any CPU
		{C9892769-40FB-4970-9020-9FC2212A117E}.Release|Any CPU.Build.0 = Release|Any CPU
		{66340FF5-C0C2-4BB5-B444-51B6C9A76277}.Debug|Any CPU.ActiveCfg = Debug|Any CPU
		{66340FF5-C0C2-4BB5-B444-51B6C9A76277}.Debug|Any CPU.Build.0 = Debug|Any CPU
		{66340FF5-C0C2-4BB5-B444-51B6C9A76277}.Release|Any CPU.ActiveCfg = Release|Any CPU
		{66340FF5-C0C2-4BB5-B444-51B6C9A76277}.Release|Any CPU.Build.0 = Release|Any CPU
	EndGlobalSection
	GlobalSection(SolutionProperties) = preSolution
		HideSolutionNode = FALSE
	EndGlobalSection
	GlobalSection(ExtensibilityGlobals) = postSolution
		SolutionGuid = {B12463E2-01FD-4DD2-98DD-FB9254F3915C}
	EndGlobalSection
EndGlobal
